
Microsoft Visual Studio Solution File, Format Version 12.00
# Visual Studio Version 17
VisualStudioVersion = 17.6.33815.320
MinimumVisualStudioVersion = 10.0.40219.1
Project("{9A19103F-16F7-4668-BE54-9A1E7A4F7556}") = "RabbitmqPublisher", "RabbitmqPublisher\RabbitmqPublisher.csproj", "{E6885086-61F3-40C8-9EBF-64CA89CF20C9}"
EndProject
Project("{9A19103F-16F7-4668-BE54-9A1E7A4F7556}") = "RabbitmqConsumer", "RabbitmqConsumer\RabbitmqConsumer.csproj", "{26906998-6D77-45BB-B2AB-BA4552C16CF4}"
EndProject
Project("{9A19103F-16F7-4668-BE54-9A1E7A4F7556}") = "NewTask", "NewTask\NewTask.csproj", "{F6213060-A474-44F8-ADAC-D31645005A7A}"
EndProject
Project("{9A19103F-16F7-4668-BE54-9A1E7A4F7556}") = "Worker", "Worker\Worker.csproj", "{CFFD11FA-8E5E-4A69-9891-E69F2CCCDD16}"
EndProject
Project("{FAE04EC0-301F-11D3-BF4B-00C04F79EFBC}") = "EmitLog", "EmitLog\EmitLog.csproj", "{ABE13E73-B04F-42BB-B346-BF5B30F828C6}"
EndProject
Project("{FAE04EC0-301F-11D3-BF4B-00C04F79EFBC}") = "ReceiveLog", "ReceiveLog\ReceiveLog.csproj", "{C3FDBD84-5AD4-4A17-8547-53E56067050F}"
EndProject
Global
	GlobalSection(SolutionConfigurationPlatforms) = preSolution
		Debug|Any CPU = Debug|Any CPU
		Release|Any CPU = Release|Any CPU
	EndGlobalSection
	GlobalSection(ProjectConfigurationPlatforms) = postSolution
		{E6885086-61F3-40C8-9EBF-64CA89CF20C9}.Debug|Any CPU.ActiveCfg = Debug|Any CPU
		{E6885086-61F3-40C8-9EBF-64CA89CF20C9}.Debug|Any CPU.Build.0 = Debug|Any CPU
		{E6885086-61F3-40C8-9EBF-64CA89CF20C9}.Release|Any CPU.ActiveCfg = Release|Any CPU
		{E6885086-61F3-40C8-9EBF-64CA89CF20C9}.Release|Any CPU.Build.0 = Release|Any CPU
		{26906998-6D77-45BB-B2AB-BA4552C16CF4}.Debug|Any CPU.ActiveCfg = Debug|Any CPU
		{26906998-6D77-45BB-B2AB-BA4552C16CF4}.Debug|Any CPU.Build.0 = Debug|Any CPU
		{26906998-6D77-45BB-B2AB-BA4552C16CF4}.Release|Any CPU.ActiveCfg = Release|Any CPU
		{26906998-6D77-45BB-B2AB-BA4552C16CF4}.Release|Any CPU.Build.0 = Release|Any CPU
		{F6213060-A474-44F8-ADAC-D31645005A7A}.Debug|Any CPU.ActiveCfg = Debug|Any CPU
		{F6213060-A474-44F8-ADAC-D31645005A7A}.Debug|Any CPU.Build.0 = Debug|Any CPU
		{F6213060-A474-44F8-ADAC-D31645005A7A}.Release|Any CPU.ActiveCfg = Release|Any CPU
		{F6213060-A474-44F8-ADAC-D31645005A7A}.Release|Any CPU.Build.0 = Release|Any CPU
		{CFFD11FA-8E5E-4A69-9891-E69F2CCCDD16}.Debug|Any CPU.ActiveCfg = Debug|Any CPU
		{CFFD11FA-8E5E-4A69-9891-E69F2CCCDD16}.Debug|Any CPU.Build.0 = Debug|Any CPU
		{CFFD11FA-8E5E-4A69-9891-E69F2CCCDD16}.Release|Any CPU.ActiveCfg = Release|Any CPU
		{CFFD11FA-8E5E-4A69-9891-E69F2CCCDD16}.Release|Any CPU.Build.0 = Release|Any CPU
		{ABE13E73-B04F-42BB-B346-BF5B30F828C6}.Debug|Any CPU.ActiveCfg = Debug|Any CPU
		{ABE13E73-B04F-42BB-B346-BF5B30F828C6}.Debug|Any CPU.Build.0 = Debug|Any CPU
		{ABE13E73-B04F-42BB-B346-BF5B30F828C6}.Release|Any CPU.ActiveCfg = Release|Any CPU
		{ABE13E73-B04F-42BB-B346-BF5B30F828C6}.Release|Any CPU.Build.0 = Release|Any CPU
		{C3FDBD84-5AD4-4A17-8547-53E56067050F}.Debug|Any CPU.ActiveCfg = Debug|Any CPU
		{C3FDBD84-5AD4-4A17-8547-53E56067050F}.Debug|Any CPU.Build.0 = Debug|Any CPU
		{C3FDBD84-5AD4-4A17-8547-53E56067050F}.Release|Any CPU.ActiveCfg = Release|Any CPU
		{C3FDBD84-5AD4-4A17-8547-53E56067050F}.Release|Any CPU.Build.0 = Release|Any CPU
	EndGlobalSection
	GlobalSection(SolutionProperties) = preSolution
		HideSolutionNode = FALSE
	EndGlobalSection
	GlobalSection(ExtensibilityGlobals) = postSolution
		SolutionGuid = {293168BB-276D-4229-A4A8-73B109E1E059}
	EndGlobalSection
EndGlobal
